{
    "_meta": {
        "hash": {
            "sha256": "d802156ac29b0e12a8eefb817d8351203d7261a407995dac2e417a2d5e16f511"
        },
        "pipfile-spec": 6,
        "requires": {
            "python_version": "3.7"
        },
        "sources": [
            {
                "name": "pypi",
                "url": "https://pypi.python.org/simple",
                "verify_ssl": true
            }
        ]
    },
    "default": {
        "certifi": {
            "hashes": [
                "sha256:35824b4c3a97115964b408844d64aa14db1cc518f6562e8d7261699d1350a9e3",
                "sha256:4ad3232f5e926d6718ec31cfc1fcadfde020920e278684144551c91769c7bc18"
            ],
            "markers": "python_version >= '3.6'",
            "version": "==2022.12.7"
        },
        "charset-normalizer": {
            "hashes": [
                "sha256:04afa6387e2b282cf78ff3dbce20f0cc071c12dc8f685bd40960cc68644cfea6",
                "sha256:04eefcee095f58eaabe6dc3cc2262f3bcd776d2c67005880894f447b3f2cb9c1",
                "sha256:0be65ccf618c1e7ac9b849c315cc2e8a8751d9cfdaa43027d4f6624bd587ab7e",
                "sha256:0c95f12b74681e9ae127728f7e5409cbbef9cd914d5896ef238cc779b8152373",
                "sha256:0ca564606d2caafb0abe6d1b5311c2649e8071eb241b2d64e75a0d0065107e62",
                "sha256:10c93628d7497c81686e8e5e557aafa78f230cd9e77dd0c40032ef90c18f2230",
                "sha256:11d117e6c63e8f495412d37e7dc2e2fff09c34b2d09dbe2bee3c6229577818be",
                "sha256:11d3bcb7be35e7b1bba2c23beedac81ee893ac9871d0ba79effc7fc01167db6c",
                "sha256:12a2b561af122e3d94cdb97fe6fb2bb2b82cef0cdca131646fdb940a1eda04f0",
                "sha256:12d1a39aa6b8c6f6248bb54550efcc1c38ce0d8096a146638fd4738e42284448",
                "sha256:1435ae15108b1cb6fffbcea2af3d468683b7afed0169ad718451f8db5d1aff6f",
                "sha256:1c60b9c202d00052183c9be85e5eaf18a4ada0a47d188a83c8f5c5b23252f649",
                "sha256:1e8fcdd8f672a1c4fc8d0bd3a2b576b152d2a349782d1eb0f6b8e52e9954731d",
                "sha256:20064ead0717cf9a73a6d1e779b23d149b53daf971169289ed2ed43a71e8d3b0",
                "sha256:21fa558996782fc226b529fdd2ed7866c2c6ec91cee82735c98a197fae39f706",
                "sha256:22908891a380d50738e1f978667536f6c6b526a2064156203d418f4856d6e86a",
                "sha256:3160a0fd9754aab7d47f95a6b63ab355388d890163eb03b2d2b87ab0a30cfa59",
                "sha256:322102cdf1ab682ecc7d9b1c5eed4ec59657a65e1c146a0da342b78f4112db23",
                "sha256:34e0a2f9c370eb95597aae63bf85eb5e96826d81e3dcf88b8886012906f509b5",
                "sha256:3573d376454d956553c356df45bb824262c397c6e26ce43e8203c4c540ee0acb",
                "sha256:3747443b6a904001473370d7810aa19c3a180ccd52a7157aacc264a5ac79265e",
                "sha256:38e812a197bf8e71a59fe55b757a84c1f946d0ac114acafaafaf21667a7e169e",
                "sha256:3a06f32c9634a8705f4ca9946d667609f52cf130d5548881401f1eb2c39b1e2c",
                "sha256:3a5fc78f9e3f501a1614a98f7c54d3969f3ad9bba8ba3d9b438c3bc5d047dd28",
                "sha256:3d9098b479e78c85080c98e1e35ff40b4a31d8953102bb0fd7d1b6f8a2111a3d",
                "sha256:3dc5b6a8ecfdc5748a7e429782598e4f17ef378e3e272eeb1340ea57c9109f41",
                "sha256:4155b51ae05ed47199dc5b2a4e62abccb274cee6b01da5b895099b61b1982974",
                "sha256:49919f8400b5e49e961f320c735388ee686a62327e773fa5b3ce6721f7e785ce",
                "sha256:53d0a3fa5f8af98a1e261de6a3943ca631c526635eb5817a87a59d9a57ebf48f",
                "sha256:5f008525e02908b20e04707a4f704cd286d94718f48bb33edddc7d7b584dddc1",
                "sha256:628c985afb2c7d27a4800bfb609e03985aaecb42f955049957814e0491d4006d",
                "sha256:65ed923f84a6844de5fd29726b888e58c62820e0769b76565480e1fdc3d062f8",
                "sha256:6734e606355834f13445b6adc38b53c0fd45f1a56a9ba06c2058f86893ae8017",
                "sha256:6baf0baf0d5d265fa7944feb9f7451cc316bfe30e8df1a61b1bb08577c554f31",
                "sha256:6f4f4668e1831850ebcc2fd0b1cd11721947b6dc7c00bf1c6bd3c929ae14f2c7",
                "sha256:6f5c2e7bc8a4bf7c426599765b1bd33217ec84023033672c1e9a8b35eaeaaaf8",
                "sha256:6f6c7a8a57e9405cad7485f4c9d3172ae486cfef1344b5ddd8e5239582d7355e",
                "sha256:7381c66e0561c5757ffe616af869b916c8b4e42b367ab29fedc98481d1e74e14",
                "sha256:73dc03a6a7e30b7edc5b01b601e53e7fc924b04e1835e8e407c12c037e81adbd",
                "sha256:74db0052d985cf37fa111828d0dd230776ac99c740e1a758ad99094be4f1803d",
                "sha256:75f2568b4189dda1c567339b48cba4ac7384accb9c2a7ed655cd86b04055c795",
                "sha256:78cacd03e79d009d95635e7d6ff12c21eb89b894c354bd2b2ed0b4763373693b",
                "sha256:80d1543d58bd3d6c271b66abf454d437a438dff01c3e62fdbcd68f2a11310d4b",
                "sha256:830d2948a5ec37c386d3170c483063798d7879037492540f10a475e3fd6f244b",
                "sha256:891cf9b48776b5c61c700b55a598621fdb7b1e301a550365571e9624f270c203",
                "sha256:8f25e17ab3039b05f762b0a55ae0b3632b2e073d9c8fc88e89aca31a6198e88f",
                "sha256:9a3267620866c9d17b959a84dd0bd2d45719b817245e49371ead79ed4f710d19",
                "sha256:a04f86f41a8916fe45ac5024ec477f41f886b3c435da2d4e3d2709b22ab02af1",
                "sha256:aaf53a6cebad0eae578f062c7d462155eada9c172bd8c4d250b8c1d8eb7f916a",
                "sha256:abc1185d79f47c0a7aaf7e2412a0eb2c03b724581139193d2d82b3ad8cbb00ac",
                "sha256:ac0aa6cd53ab9a31d397f8303f92c42f534693528fafbdb997c82bae6e477ad9",
                "sha256:ac3775e3311661d4adace3697a52ac0bab17edd166087d493b52d4f4f553f9f0",
                "sha256:b06f0d3bf045158d2fb8837c5785fe9ff9b8c93358be64461a1089f5da983137",
                "sha256:b116502087ce8a6b7a5f1814568ccbd0e9f6cfd99948aa59b0e241dc57cf739f",
                "sha256:b82fab78e0b1329e183a65260581de4375f619167478dddab510c6c6fb04d9b6",
                "sha256:bd7163182133c0c7701b25e604cf1611c0d87712e56e88e7ee5d72deab3e76b5",
                "sha256:c36bcbc0d5174a80d6cccf43a0ecaca44e81d25be4b7f90f0ed7bcfbb5a00909",
                "sha256:c3af8e0f07399d3176b179f2e2634c3ce9c1301379a6b8c9c9aeecd481da494f",
                "sha256:c84132a54c750fda57729d1e2599bb598f5fa0344085dbde5003ba429a4798c0",
                "sha256:cb7b2ab0188829593b9de646545175547a70d9a6e2b63bf2cd87a0a391599324",
                "sha256:cca4def576f47a09a943666b8f829606bcb17e2bc2d5911a46c8f8da45f56755",
                "sha256:cf6511efa4801b9b38dc5546d7547d5b5c6ef4b081c60b23e4d941d0eba9cbeb",
                "sha256:d16fd5252f883eb074ca55cb622bc0bee49b979ae4e8639fff6ca3ff44f9f854",
                "sha256:d2686f91611f9e17f4548dbf050e75b079bbc2a82be565832bc8ea9047b61c8c",
                "sha256:d7fc3fca01da18fbabe4625d64bb612b533533ed10045a2ac3dd194bfa656b60",
                "sha256:dd5653e67b149503c68c4018bf07e42eeed6b4e956b24c00ccdf93ac79cdff84",
                "sha256:de5695a6f1d8340b12a5d6d4484290ee74d61e467c39ff03b39e30df62cf83a0",
                "sha256:e0ac8959c929593fee38da1c2b64ee9778733cdf03c482c9ff1d508b6b593b2b",
                "sha256:e1b25e3ad6c909f398df8921780d6a3d120d8c09466720226fc621605b6f92b1",
                "sha256:e633940f28c1e913615fd624fcdd72fdba807bf53ea6925d6a588e84e1151531",
                "sha256:e89df2958e5159b811af9ff0f92614dabf4ff617c03a4c1c6ff53bf1c399e0e1",
                "sha256:ea9f9c6034ea2d93d9147818f17c2a0860d41b71c38b9ce4d55f21b6f9165a11",
                "sha256:f645caaf0008bacf349875a974220f1f1da349c5dbe7c4ec93048cdc785a3326",
                "sha256:f8303414c7b03f794347ad062c0516cee0e15f7a612abd0ce1e25caf6ceb47df",
                "sha256:fca62a8301b605b954ad2e9c3666f9d97f63872aa4efcae5492baca2056b74ab"
            ],
            "markers": "python_version >= '3.7'",
            "version": "==3.1.0"
        },
        "gensim": {
            "hashes": [
                "sha256:03edf191f1ada39db767fd593f8f9cee20e25dd17f5df9b8c71a2355113f7e7e",
                "sha256:091db4e1489399192214dd2466e7c5b4f9cd82c2ba8dfa468a6572cde11c8558",
                "sha256:10d0a01a541aa9810add46fe2ccb043a86d99f5075f8dc35466f65949adcb64c",
                "sha256:11c01f38a77579b4fda635b92f1231b2986d9fefff44af401c2d106901b9342a",
                "sha256:1a302a0829eaa023fa6e91e3b489e5b6173127124f2bfbdfa4118b75bd402264",
                "sha256:1b747baf65b51e101db5b4b8eb84ac2c400ab81c3fb0758ff5f879693e936ce3",
                "sha256:1cfd541f4a8651d5d24f61b35a263573bb3464f1d72d12366c4ab15931c81fad",
                "sha256:267983deeb6969a43f7366a188c4f5f2942a49271b7dbdfc07066707fb2029e2",
                "sha256:33277fc0a8d7b0c7ce70fcc74bb82ad39f944c009b334856c6e86bf552b1dfdc",
                "sha256:36518200175c708e762f5763f34b1e5a6b64e7844f2c172afd480231361192fd",
                "sha256:3cae31d081a1770eda226c63290da198c0fa55a4b680ed18eb5360a4be9bd5da",
                "sha256:3dba0af2c02bbcf30496b2fab7378e4190cad32a6a1145eec0f2cb5a40189c73",
                "sha256:458c2dea186e7e35fa417b13060c4c5ce63e90c36240c745574a95c2b02c425b",
                "sha256:498bc173df0cebb430e01d9860d8cb9a1d4724537da3b3b1b6ec371ddd86794e",
                "sha256:49cb7fe8edc70aef22cdc884d7b8b9b22f892ae5918e2ca8e21bd9c13df02383",
                "sha256:4e5344a07e6646198669befb3f6d3d25209693a904863293da2b0233c5526686",
                "sha256:56fc56f1b8044f33c29ab3f5416d05a1655223a7654cc0887e4e0a17f50e6006",
                "sha256:58f28f6dd25cb4f83ace8b6be1e132d56acfd60b823241e84bb8cba2e9676a39",
                "sha256:6c7065de589edd53cd42f4e5bbae8a821d285c75f12412ee0e32c972f14672c1",
                "sha256:734c8fcd65068f06c1da37beeec7b22a9380faa63a307a99b0bb109560e05e47",
                "sha256:88ad391dff5117a3521538b77e724013dc0c751d0c96bd5e8026bcf759e2afe1",
                "sha256:a4d9806496823c5e4f787118b87e55f61360ece0ea0fbebef7eb0782492077d9",
                "sha256:ace82a26c9d4663fbe55c2d84ee168edd0e9e23062a0961ff99575615ca4603a",
                "sha256:afca1f0081b5e1ce3f07d7ac540196c1af81b9d0513fbd8c4744cc7910922e09",
                "sha256:b08c526ce5dabceb042499c7711e229fb3d2874f69a83dbcab77a35bedac8552",
                "sha256:ba19d8021554c773420321cc0b1ad5ed1f0cd5d14c08a24631263f23d6e8c14e",
                "sha256:bd0e40149a6f07961123f8770b68050366b6772f38521c75a9d0b03242cb9fde",
                "sha256:d3b3cb01e4e997731c41944ffbfce2af67585c6a60fd4fc4a02909dff77021aa",
                "sha256:d9f13b7f0c425b632f18b0b7c87551a0e0d87695506e63153b442e137a4a69fd",
                "sha256:db3b8cfc03e9b7e4c93ea2221cb82d9719fcc3cd16201191f45f12e3c9b0f206",
                "sha256:ef51a5aada90ce0f8f13be750e8d8460bd33e2793c2e74bb453fb1ce7b7ba79d"
            ],
            "index": "pypi",
            "version": "==3.8.1"
        },
        "idna": {
            "hashes": [
                "sha256:814f528e8dead7d329833b91c5faa87d60bf71824cd12a7530b5526063d02cb4",
                "sha256:90b77e79eaa3eba6de819a0c442c0b4ceefc341a7a2ab77d7562bf49f425c5c2"
            ],
            "markers": "python_version >= '3.5'",
            "version": "==3.4"
        },
        "joblib": {
            "hashes": [
                "sha256:091138ed78f800342968c523bdde947e7a305b8594b910a0fea2ab83c3c6d385",
                "sha256:e1cee4a79e4af22881164f218d4311f60074197fb707e082e803b61f6d137018"
            ],
            "markers": "python_version >= '3.7'",
            "version": "==1.2.0"
        },
        "kaggle": {
            "hashes": [
                "sha256:3c2c097dca964b9a891bf3407a3164be19e40857c7c5cc2c5fef323adfccb838"
            ],
            "index": "pypi",
            "version": "==1.5.6"
        },
        "nltk": {
            "hashes": [
                "sha256:a08bdb4b8a1c13de16743068d9eb61c8c71c2e5d642e8e08205c528035843f82",
                "sha256:bed45551259aa2101381bbdd5df37d44ca2669c5c3dad72439fa459b29137d94"
            ],
            "index": "pypi",
            "version": "==3.4.5"
        },
        "numpy": {
            "hashes": [
                "sha256:0a7a1dd123aecc9f0076934288ceed7fd9a81ba3919f11a855a7887cbe82a02f",
                "sha256:0c0763787133dfeec19904c22c7e358b231c87ba3206b211652f8cbe1241deb6",
                "sha256:3d52298d0be333583739f1aec9026f3b09fdfe3ddf7c7028cb16d9d2af1cca7e",
                "sha256:43bb4b70585f1c2d153e45323a886839f98af8bfa810f7014b20be714c37c447",
                "sha256:475963c5b9e116c38ad7347e154e5651d05a2286d86455671f5b1eebba5feb76",
                "sha256:64874913367f18eb3013b16123c9fed113962e75d809fca5b78ebfbb73ed93ba",
                "sha256:683828e50c339fc9e68720396f2de14253992c495fdddef77a1e17de55f1decc",
                "sha256:6ca4000c4a6f95a78c33c7dadbb9495c10880be9c89316aa536eac359ab820ae",
                "sha256:75fd817b7061f6378e4659dd792c84c0b60533e867f83e0d1e52d5d8e53df88c",
                "sha256:7d81d784bdbed30137aca242ab307f3e65c8d93f4c7b7d8f322110b2e90177f9",
                "sha256:8d0af8d3664f142414fd5b15cabfd3b6cc3ef242a3c7a7493257025be5a6955f",
                "sha256:9679831005fb16c6df3dd35d17aa31dc0d4d7573d84f0b44cc481490a65c7725",
                "sha256:a8f67ebfae9f575d85fa859b54d3bdecaeece74e3274b0b5c5f804d7ca789fe1",
                "sha256:acbf5c52db4adb366c064d0b7c7899e3e778d89db585feadd23b06b587d64761",
                "sha256:ada4805ed51f5bcaa3a06d3dd94939351869c095e30a2b54264f5a5004b52170",
                "sha256:c7354e8f0eca5c110b7e978034cd86ed98a7a5ffcf69ca97535445a595e07b8e",
                "sha256:e2e9d8c87120ba2c591f60e32736b82b67f72c37ba88a4c23c81b5b8fa49c018",
                "sha256:e467c57121fe1b78a8f68dd9255fbb3bb3f4f7547c6b9e109f31d14569f490c3",
                "sha256:ede47b98de79565fcd7f2decb475e2dcc85ee4097743e551fe26cfc7eb3ff143",
                "sha256:f58913e9227400f1395c7b800503ebfdb0772f1c33ff8cb4d6451c06cabdf316",
                "sha256:fe39f5fd4103ec4ca3cb8600b19216cd1ff316b4990f4c0b6057ad982c0a34d5"
            ],
            "index": "pypi",
            "version": "==1.17.4"
        },
        "pandas": {
            "hashes": [
                "sha256:00dff3a8e337f5ed7ad295d98a31821d3d0fe7792da82d78d7fd79b89c03ea9d",
                "sha256:22361b1597c8c2ffd697aa9bf85423afa9e1fcfa6b1ea821054a244d5f24d75e",
                "sha256:255920e63850dc512ce356233081098554d641ba99c3767dde9e9f35630f994b",
                "sha256:26382aab9c119735908d94d2c5c08020a4a0a82969b7e5eefb92f902b3b30ad7",
                "sha256:33970f4cacdd9a0ddb8f21e151bfb9f178afb7c36eb7c25b9094c02876f385c2",
                "sha256:4545467a637e0e1393f7d05d61dace89689ad6d6f66f267f86fff737b702cce9",
                "sha256:52da74df8a9c9a103af0a72c9d5fdc8e0183a90884278db7f386b5692a2220a4",
                "sha256:61741f5aeb252f39c3031d11405305b6d10ce663c53bc3112705d7ad66c013d0",
                "sha256:6a3ac2c87e4e32a969921d1428525f09462770c349147aa8e9ab95f88c71ec71",
                "sha256:7458c48e3d15b8aaa7d575be60e1e4dd70348efcd9376656b72fecd55c59a4c3",
                "sha256:78bf638993219311377ce9836b3dc05f627a666d0dbc8cec37c0ff3c9ada673b",
                "sha256:8153705d6545fd9eb6dd2bc79301bff08825d2e2f716d5dced48daafc2d0b81f",
                "sha256:975c461accd14e89d71772e89108a050fa824c0b87a67d34cedf245f6681fc17",
                "sha256:9962957a27bfb70ab64103d0a7b42fa59c642fb4ed4cb75d0227b7bb9228535d",
                "sha256:adc3d3a3f9e59a38d923e90e20c4922fc62d1e5a03d083440468c6d8f3f1ae0a",
                "sha256:bbe3eb765a0b1e578833d243e2814b60c825b7fdbf4cdfe8e8aae8a08ed56ecf",
                "sha256:df8864824b1fe488cf778c3650ee59c3a0d8f42e53707de167ba6b4f7d35f133",
                "sha256:e45055c30a608076e31a9fcd780a956ed3b1fa20db61561b8d88b79259f526f7",
                "sha256:ee50c2142cdcf41995655d499a157d0a812fce55c97d9aad13bc1eef837ed36c"
            ],
            "index": "pypi",
            "version": "==0.25.3"
        },
        "phonenumbers": {
            "hashes": [
                "sha256:964ecfcf261b98fa7a749ddabd289a484bef9ed8be42d2ed46c35c68c44683bd",
                "sha256:975f1638a743ef53f1b80a8440159047f79ce484f28704b61479e119acc0a503"
            ],
            "index": "pypi",
            "version": "==8.11.0"
        },
        "python-dateutil": {
            "hashes": [
                "sha256:0123cacc1627ae19ddf3c27a5de5bd67ee4586fbdd6440d9748f8abb483d3e86",
                "sha256:961d03dc3453ebbc59dbdea9e4e11c5651520a876d0f4db161e8674aae935da9"
            ],
            "markers": "python_version >= '2.7' and python_version not in '3.0, 3.1, 3.2, 3.3'",
            "version": "==2.8.2"
        },
        "python-slugify": {
            "hashes": [
                "sha256:70ca6ea68fe63ecc8fa4fcf00ae651fc8a5d02d93dcd12ae6d4fc7ca46c4d395",
                "sha256:ce0d46ddb668b3be82f4ed5e503dbc33dd815d83e2eb6824211310d3fb172a27"
            ],
            "markers": "python_version >= '3.7'",
            "version": "==8.0.1"
        },
        "python-version": {
            "hashes": [
                "sha256:2c7429f3375cee19873892e5db4d10d2b42172d8851a8bb5111729e028470580",
                "sha256:5c16de57c7f2d614621cf468e8f5a20bb6b3cec665c9c7f5e9f9f000bf04fe67"
            ],
            "version": "==0.0.2"
        },
        "pytz": {
            "hashes": [
                "sha256:01a0681c4b9684a28304615eba55d1ab31ae00bf68ec157ec3708a8182dbbcd0",
                "sha256:78f4f37d8198e0627c5f1143240bb0206b8691d8d7ac6d78fee88b78733f8c4a"
            ],
            "version": "==2022.7.1"
        },
        "requests": {
            "hashes": [
                "sha256:64299f4909223da747622c030b781c0d7811e359c37124b4bd368fb8c6518baa",
                "sha256:98b1b2782e3c6c4904938b84c0eb932721069dfdb9134313beff7c83c2df24bf"
            ],
            "markers": "python_version >= '3.7' and python_version < '4'",
            "version": "==2.28.2"
        },
        "scikit-learn": {
            "hashes": [
                "sha256:1ac81293d261747c25ea5a0ee8cd2bb1f3b5ba9ec05421a7f9f0feb4eb7c4116",
                "sha256:289361cf003d90b007f5066b27fcddc2d71324c82f1c88e316fedacb0dfdd516",
                "sha256:3a14d0abd4281fc3fd2149c486c3ec7cedad848b8d5f7b6f61522029d65a29f8",
                "sha256:5083a5e50d9d54548e4ada829598ae63a05651dd2bb319f821ffd9e8388384a6",
                "sha256:777cdd5c077b7ca9cb381396c81990cf41d2fa8350760d3cad3b4c460a7db644",
                "sha256:8bf2ff63da820d09b96b18e88f9625228457bff8df4618f6b087e12442ef9e15",
                "sha256:8d319b71c449627d178f21c57614e21747e54bb3fc9602b6f42906c3931aa320",
                "sha256:928050b65781fea9542dfe9bfe02d8c4f5530baa8472ec60782ea77347d2c836",
                "sha256:92c903613ff50e22aa95d589f9fff5deb6f34e79f7f21f609680087f137bb524",
                "sha256:ae322235def5ce8fae645b439e332e6f25d34bb90d6a6c8e261f17eb476457b7",
                "sha256:c1cd6b29eb1fd1cc672ac5e4a8be5f6ea936d094a3dc659ada0746d6fac750b1",
                "sha256:c41a6e2685d06bcdb0d26533af2540f54884d40db7e48baed6a5bcbf1a7cc642",
                "sha256:d07fcb0c0acbc043faa0e7cf4d2037f71193de3fb04fb8ed5c259b089af1cf5c",
                "sha256:d146d5443cda0a41f74276e42faf8c7f283fef49e8a853b832885239ef544e05",
                "sha256:eb2b7bed0a26ba5ce3700e15938b28a4f4513578d3e54a2156c29df19ac5fd01",
                "sha256:eb9b8ebf59eddd8b96366428238ab27d05a19e89c5516ce294abc35cea75d003"
            ],
            "index": "pypi",
            "version": "==0.21.3"
        },
        "scipy": {
            "hashes": [
                "sha256:0b8c9dc042b9a47912b18b036b4844029384a5b8d89b64a4901ac3e06876e5f6",
                "sha256:18ad034be955df046b5a27924cdb3db0e8e1d76aaa22c635403fe7aee17f1482",
                "sha256:225d0b5e140bb66df23d438c7b535303ce8e533f94454f4e5bde5f8d109103ea",
                "sha256:2f690ba68ed7caa7c30b6dc48c1deed22c78f3840fa4736083ef4f2bd8baa19e",
                "sha256:4b8746f4a755bdb2eeb39d6e253a60481e165cfd74fdfb54d27394bd2c9ec8ac",
                "sha256:4ba2ce1a58fe117e993cf316a149cf9926c7c5000c0cdc4bc7c56ae8325612f6",
                "sha256:546f0dc020b155b8711159d53c87b36591d31f3327c47974a4fb6b50d91589c2",
                "sha256:583f2ccd6a112656c9feb2345761d2b19e9213a094cfced4e7d2c1cae4173272",
                "sha256:64bf4e8ae0db2d42b58477817f648d81e77f0b381d0ea4427385bba3f959380a",
                "sha256:7be424ee09bed7ced36c9457f99c826ce199fd0c0f5b272cf3d098ff7b29e3ae",
                "sha256:869465c7ff89fc0a1e2ea1642b0c65f1b3c05030f3a4c0d53d6a57b2dba7c242",
                "sha256:884e619821f47eccd42979488d10fa1e15dbe9f3b7660b1c8c928d203bd3c1a3",
                "sha256:a42b0d02150ef4747e225c31c976a304de5dc8202ec35a27111b7bb8176e5f13",
                "sha256:a70308bb065562afb936c963780deab359966d71ab4f230368b154dde3136ea4",
                "sha256:b01ea5e4cf95a93dc335089f8fbe97852f56fdb74afff238cbdf09793103b6b7",
                "sha256:b7b8cf45f9a48f23084f19deb9384a1cccb5e92fbc879b12f97dc4d56fb2eb92",
                "sha256:bb0899d3f8b9fe8ef95b79210cf0deb6709542889fadaa438eeb3a28001e09e7",
                "sha256:c008f1b58f99f1d1cc546957b3effe448365e0a217df1f1894e358906e91edad",
                "sha256:cfee99d085d562a7e3c4afe51ac1fe9b434363489e565a130459307f30077973",
                "sha256:dfcb0f0a2d8e958611e0b56536285bb435f03746b6feac0e29f045f7c6caf164",
                "sha256:f5d47351aeb1cb6bda14a8908e56648926a6b2d714f89717c71f7ada41282141"
            ],
            "index": "pypi",
            "version": "==1.3.3"
        },
        "six": {
            "hashes": [
                "sha256:1e61c37477a1626458e36f7b1d82aa5c9b094fa4802892072e49de9c60c4c926",
                "sha256:8abb2f1d86890a2dfb989f9a77cfcfd3e47c2a354b01111771326f8aa26e0254"
            ],
            "markers": "python_version >= '2.7' and python_version not in '3.0, 3.1, 3.2, 3.3'",
            "version": "==1.16.0"
        },
        "smart-open": {
            "hashes": [
                "sha256:b4c9ae193ad6d3e7add50944b86afa0d150bd821ab8ec21edb26d9a06b66f6a8",
                "sha256:d5238825fe9a9340645fac3d75b287c08fbb99fb2b422477de781c9f5f09e019"
            ],
            "markers": "python_version >= '3.6' and python_version < '4'",
            "version": "==6.3.0"
        },
        "tensorflow-gpu": {
            "hashes": [
                "sha256:51cc56493594840814e55545cf36c006e174a6186f71418cc29aafa62e77b756"
            ],
            "index": "pypi",
            "version": "==2.12.0"
        },
        "text-unidecode": {
            "hashes": [
                "sha256:1311f10e8b895935241623731c2ba64f4c455287888b18189350b67134a822e8",
                "sha256:bad6603bb14d279193107714b288be206cac565dfa49aa5b105294dd5c4aab93"
            ],
            "version": "==1.3"
        },
        "tqdm": {
            "hashes": [
                "sha256:156a0565f09d1f0ef8242932a0e1302462c93827a87ba7b4423d90f01befe94c",
                "sha256:c0ffb55959ea5f3eaeece8d2db0651ba9ced9c72f40a6cce3419330256234289"
            ],
            "index": "pypi",
            "version": "==4.40.0"
        },
        "urllib3": {
            "hashes": [
                "sha256:2393a695cd12afedd0dcb26fe5d50d0cf248e5a66f75dbd89a3d4eb333a61af4",
                "sha256:a637e5fae88995b256e3409dc4d52c2e2e0ba32c42a6365fee8bbd2238de3cfb"
            ],
            "markers": "python_version >= '2.7' and python_version not in '3.0, 3.1, 3.2, 3.3' and python_version < '4'",
            "version": "==1.24.3"
        }
    },
    "develop": {
        "autopep8": {
            "hashes": [
                "sha256:4d8eec30cc81bc5617dbf1218201d770dc35629363547f17577c61683ccfb3ee"
            ],
            "index": "pypi",
            "version": "==1.4.4"
        },
        "entrypoints": {
            "hashes": [
                "sha256:589f874b313739ad35be6e0cd7efde2a4e9b6fea91edcc34e58ecbb8dbe56d19",
                "sha256:c70dd71abe5a8c85e55e12c19bd91ccfeec11a6e99044204511f9ed547d48451"
            ],
            "markers": "python_version >= '2.7'",
            "version": "==0.3"
        },
        "flake8": {
            "hashes": [
                "sha256:45681a117ecc81e870cbf1262835ae4af5e7a8b08e40b944a8a6e6b895914cfb",
                "sha256:49356e766643ad15072a789a20915d3c91dc89fd313ccd71802303fd67e4deca"
            ],
            "index": "pypi",
            "version": "==3.7.9"
        },
        "mccabe": {
            "hashes": [
                "sha256:ab8a6258860da4b6677da4bd2fe5dc2c659cff31b3ee4f7f5d64e79735b80d42",
                "sha256:dd8d182285a0fe56bace7f45b5e7d1a6ebcbf524e8f3bd87eb0f125271b8831f"
            ],
            "version": "==0.6.1"
        },
        "pycodestyle": {
            "hashes": [
                "sha256:95a2219d12372f05704562a14ec30bc76b05a5b297b21a5dfe3f6fac3491ae56",
                "sha256:e40a936c9a450ad81df37f549d676d127b1b66000a6c500caa2b085bc0ca976c"
            ],
            "markers": "python_version >= '2.7' and python_version not in '3.0, 3.1, 3.2, 3.3'",
            "version": "==2.5.0"
        },
        "pyflakes": {
            "hashes": [
                "sha256:17dbeb2e3f4d772725c777fabc446d5634d1038f234e77343108ce445ea69ce0",
                "sha256:d976835886f8c5b31d47970ed689944a0262b5f3afa00a5a7b4dc81e5449f8a2"
            ],
            "markers": "python_version >= '2.7' and python_version not in '3.0, 3.1, 3.2, 3.3'",
            "version": "==2.1.1"
        }
    }
}
